
Microsoft Visual Studio Solution File, Format Version 12.00
Project("{2150E333-8FDC-42A3-9474-1A3956D46DE8}") = "src", "src", "{69E8A262-F093-4203-A822-45B634D2EC6D}"
EndProject
Project("{2150E333-8FDC-42A3-9474-1A3956D46DE8}") = "testes", "testes", "{2BF9B419-80B7-4696-B2A8-46160269CF40}"
EndProject
Project("{FAE04EC0-301F-11D3-BF4B-00C04F79EFBC}") = "MVM.SmartParking.API", "src\api\MVM.SmartParking.API\MVM.SmartParking.API.csproj", "{178668AD-C2DF-4442-95ED-DBD01B9F196F}"
EndProject
Project("{2150E333-8FDC-42A3-9474-1A3956D46DE8}") = "core", "core", "{9175DBF2-4E9B-4030-BB7B-6885AC49F3F2}"
EndProject
Project("{FAE04EC0-301F-11D3-BF4B-00C04F79EFBC}") = "MVM.SmartParking.Core", "src\api\MVM.SmartParking.Core\MVM.SmartParking.Core.csproj", "{1DCAAA82-8DC4-4BD0-818B-6E49CE5BCE70}"
EndProject
Project("{FAE04EC0-301F-11D3-BF4B-00C04F79EFBC}") = "MVM.SmartParking.IOC", "src\api\MVM.SmartParking.IOC\MVM.SmartParking.IOC.csproj", "{33C48E7E-992D-4B17-8A2E-CF0FE8D7B9BF}"
EndProject
Project("{FAE04EC0-301F-11D3-BF4B-00C04F79EFBC}") = "MVM.SmartParking.Domain", "src\api\MVM.SmartParking.Domain\MVM.SmartParking.Domain.csproj", "{CEF32872-2060-4118-998A-6C51E8A593DB}"
EndProject
Project("{FAE04EC0-301F-11D3-BF4B-00C04F79EFBC}") = "MVM.SmartParking.Infrastructure", "src\api\MVM.SmartParking.Infrastructure\MVM.SmartParking.Infrastructure.csproj", "{DE937EF0-62EA-4E56-B064-F26EF7DDF82E}"
EndProject
Project("{FAE04EC0-301F-11D3-BF4B-00C04F79EFBC}") = "MVM.SmartParking.Application", "src\api\MVM.SmartParking.Application\MVM.SmartParking.Application.csproj", "{78188D31-7A2B-4C01-AD03-E2FDE6E8F3ED}"
EndProject
Global
	GlobalSection(SolutionConfigurationPlatforms) = preSolution
		Debug|Any CPU = Debug|Any CPU
		Release|Any CPU = Release|Any CPU
	EndGlobalSection
	GlobalSection(NestedProjects) = preSolution
		{178668AD-C2DF-4442-95ED-DBD01B9F196F} = {69E8A262-F093-4203-A822-45B634D2EC6D}
		{9175DBF2-4E9B-4030-BB7B-6885AC49F3F2} = {69E8A262-F093-4203-A822-45B634D2EC6D}
		{1DCAAA82-8DC4-4BD0-818B-6E49CE5BCE70} = {9175DBF2-4E9B-4030-BB7B-6885AC49F3F2}
		{33C48E7E-992D-4B17-8A2E-CF0FE8D7B9BF} = {9175DBF2-4E9B-4030-BB7B-6885AC49F3F2}
		{CEF32872-2060-4118-998A-6C51E8A593DB} = {69E8A262-F093-4203-A822-45B634D2EC6D}
		{DE937EF0-62EA-4E56-B064-F26EF7DDF82E} = {69E8A262-F093-4203-A822-45B634D2EC6D}
		{78188D31-7A2B-4C01-AD03-E2FDE6E8F3ED} = {69E8A262-F093-4203-A822-45B634D2EC6D}
	EndGlobalSection
	GlobalSection(ProjectConfigurationPlatforms) = postSolution
		{178668AD-C2DF-4442-95ED-DBD01B9F196F}.Debug|Any CPU.ActiveCfg = Debug|Any CPU
		{178668AD-C2DF-4442-95ED-DBD01B9F196F}.Debug|Any CPU.Build.0 = Debug|Any CPU
		{178668AD-C2DF-4442-95ED-DBD01B9F196F}.Release|Any CPU.ActiveCfg = Release|Any CPU
		{178668AD-C2DF-4442-95ED-DBD01B9F196F}.Release|Any CPU.Build.0 = Release|Any CPU
		{1DCAAA82-8DC4-4BD0-818B-6E49CE5BCE70}.Debug|Any CPU.ActiveCfg = Debug|Any CPU
		{1DCAAA82-8DC4-4BD0-818B-6E49CE5BCE70}.Debug|Any CPU.Build.0 = Debug|Any CPU
		{1DCAAA82-8DC4-4BD0-818B-6E49CE5BCE70}.Release|Any CPU.ActiveCfg = Release|Any CPU
		{1DCAAA82-8DC4-4BD0-818B-6E49CE5BCE70}.Release|Any CPU.Build.0 = Release|Any CPU
		{33C48E7E-992D-4B17-8A2E-CF0FE8D7B9BF}.Debug|Any CPU.ActiveCfg = Debug|Any CPU
		{33C48E7E-992D-4B17-8A2E-CF0FE8D7B9BF}.Debug|Any CPU.Build.0 = Debug|Any CPU
		{33C48E7E-992D-4B17-8A2E-CF0FE8D7B9BF}.Release|Any CPU.ActiveCfg = Release|Any CPU
		{33C48E7E-992D-4B17-8A2E-CF0FE8D7B9BF}.Release|Any CPU.Build.0 = Release|Any CPU
		{CEF32872-2060-4118-998A-6C51E8A593DB}.Debug|Any CPU.ActiveCfg = Debug|Any CPU
		{CEF32872-2060-4118-998A-6C51E8A593DB}.Debug|Any CPU.Build.0 = Debug|Any CPU
		{CEF32872-2060-4118-998A-6C51E8A593DB}.Release|Any CPU.ActiveCfg = Release|Any CPU
		{CEF32872-2060-4118-998A-6C51E8A593DB}.Release|Any CPU.Build.0 = Release|Any CPU
		{DE937EF0-62EA-4E56-B064-F26EF7DDF82E}.Debug|Any CPU.ActiveCfg = Debug|Any CPU
		{DE937EF0-62EA-4E56-B064-F26EF7DDF82E}.Debug|Any CPU.Build.0 = Debug|Any CPU
		{DE937EF0-62EA-4E56-B064-F26EF7DDF82E}.Release|Any CPU.ActiveCfg = Release|Any CPU
		{DE937EF0-62EA-4E56-B064-F26EF7DDF82E}.Release|Any CPU.Build.0 = Release|Any CPU
		{78188D31-7A2B-4C01-AD03-E2FDE6E8F3ED}.Debug|Any CPU.ActiveCfg = Debug|Any CPU
		{78188D31-7A2B-4C01-AD03-E2FDE6E8F3ED}.Debug|Any CPU.Build.0 = Debug|Any CPU
		{78188D31-7A2B-4C01-AD03-E2FDE6E8F3ED}.Release|Any CPU.ActiveCfg = Release|Any CPU
		{78188D31-7A2B-4C01-AD03-E2FDE6E8F3ED}.Release|Any CPU.Build.0 = Release|Any CPU
	EndGlobalSection
EndGlobal
